// !$*UTF8*$!
{
	archiveVersion = 1;
	classes = {
	};
	objectVersion = 60;
	objects = {

/* Begin PBXBuildFile section */
		5D092E282C91DC0D008CFB8E /* AppDelegate.swift in Sources */ = {isa = PBXBuildFile; fileRef = 5D092E272C91DC0D008CFB8E /* AppDelegate.swift */; };
		5D092E312C91DC10008CFB8E /* Assets.xcassets in Resources */ = {isa = PBXBuildFile; fileRef = 5D092E302C91DC10008CFB8E /* Assets.xcassets */; };
		5D092E342C91DC10008CFB8E /* LaunchScreen.storyboard in Resources */ = {isa = PBXBuildFile; fileRef = 5D092E322C91DC10008CFB8E /* LaunchScreen.storyboard */; };
		5D092E3F2C91DC11008CFB8E /* CharacterChallengeTests.swift in Sources */ = {isa = PBXBuildFile; fileRef = 5D092E3E2C91DC11008CFB8E /* CharacterChallengeTests.swift */; };
		5D092E492C91DC11008CFB8E /* CharacterChallengeUITests.swift in Sources */ = {isa = PBXBuildFile; fileRef = 5D092E482C91DC11008CFB8E /* CharacterChallengeUITests.swift */; };
		5D092E4B2C91DC11008CFB8E /* CharacterChallengeUITestsLaunchTests.swift in Sources */ = {isa = PBXBuildFile; fileRef = 5D092E4A2C91DC11008CFB8E /* CharacterChallengeUITestsLaunchTests.swift */; };
		5D092E592C91DE14008CFB8E /* Core in Frameworks */ = {isa = PBXBuildFile; productRef = 5D092E582C91DE14008CFB8E /* Core */; };
		5D092E5B2C91DE14008CFB8E /* Logger in Frameworks */ = {isa = PBXBuildFile; productRef = 5D092E5A2C91DE14008CFB8E /* Logger */; };
		5D092E5D2C91DE14008CFB8E /* Networking in Frameworks */ = {isa = PBXBuildFile; productRef = 5D092E5C2C91DE14008CFB8E /* Networking */; };
		5D092E602C91DE63008CFB8E /* CharacterDesignSystem in Frameworks */ = {isa = PBXBuildFile; productRef = 5D092E5F2C91DE63008CFB8E /* CharacterDesignSystem */; };
		5D092E622C91DE63008CFB8E /* DesignSystem in Frameworks */ = {isa = PBXBuildFile; productRef = 5D092E612C91DE63008CFB8E /* DesignSystem */; };
		5D092E652C91DEB8008CFB8E /* CharacterDomain in Frameworks */ = {isa = PBXBuildFile; productRef = 5D092E642C91DEB8008CFB8E /* CharacterDomain */; };
		5D092E672C91DEB8008CFB8E /* CoreDomain in Frameworks */ = {isa = PBXBuildFile; productRef = 5D092E662C91DEB8008CFB8E /* CoreDomain */; };
		5D092E6A2C91DEE6008CFB8E /* CharacterData in Frameworks */ = {isa = PBXBuildFile; productRef = 5D092E692C91DEE6008CFB8E /* CharacterData */; };
		5D092E6C2C91DEE6008CFB8E /* ConfigData in Frameworks */ = {isa = PBXBuildFile; productRef = 5D092E6B2C91DEE6008CFB8E /* ConfigData */; };
		5D092E752C91DF52008CFB8E /* APIConfig.swift in Sources */ = {isa = PBXBuildFile; fileRef = 5D092E732C91DF52008CFB8E /* APIConfig.swift */; };
		5D092E762C91DF52008CFB8E /* AppConfig.swift in Sources */ = {isa = PBXBuildFile; fileRef = 5D092E742C91DF52008CFB8E /* AppConfig.swift */; };
		5D092E7D2C91DF61008CFB8E /* DIContainer+Networking.swift in Sources */ = {isa = PBXBuildFile; fileRef = 5D092E782C91DF61008CFB8E /* DIContainer+Networking.swift */; };
		5D092E7E2C91DF61008CFB8E /* DIContainer+characterUseCases.swift in Sources */ = {isa = PBXBuildFile; fileRef = 5D092E7B2C91DF61008CFB8E /* DIContainer+characterUseCases.swift */; };
		5D092E7F2C91DF61008CFB8E /* DIContainer.swift in Sources */ = {isa = PBXBuildFile; fileRef = 5D092E7C2C91DF61008CFB8E /* DIContainer.swift */; };
		5D092E842C91DF73008CFB8E /* DesignSystemManager.swift in Sources */ = {isa = PBXBuildFile; fileRef = 5D092E802C91DF72008CFB8E /* DesignSystemManager.swift */; };
		5D092E852C91DF73008CFB8E /* AuthManager.swift in Sources */ = {isa = PBXBuildFile; fileRef = 5D092E812C91DF72008CFB8E /* AuthManager.swift */; };
		5D092E862C91DF73008CFB8E /* DataConfigurator.swift in Sources */ = {isa = PBXBuildFile; fileRef = 5D092E822C91DF72008CFB8E /* DataConfigurator.swift */; };
		5D092E872C91DF73008CFB8E /* LoggerManager.swift in Sources */ = {isa = PBXBuildFile; fileRef = 5D092E832C91DF73008CFB8E /* LoggerManager.swift */; };
		5D092E8B2C91E0AD008CFB8E /* CharactersListViewController.swift in Sources */ = {isa = PBXBuildFile; fileRef = 5D092E892C91E0AD008CFB8E /* CharactersListViewController.swift */; };
		5D092E8C2C91E0AD008CFB8E /* CharactersListViewController.xib in Resources */ = {isa = PBXBuildFile; fileRef = 5D092E8A2C91E0AD008CFB8E /* CharactersListViewController.xib */; };
		5D092E8F2C91E4EA008CFB8E /* MainCoordinator.swift in Sources */ = {isa = PBXBuildFile; fileRef = 5D092E8E2C91E4EA008CFB8E /* MainCoordinator.swift */; };
		5D092E932C91E6EB008CFB8E /* CharactersListViewModel.swift in Sources */ = {isa = PBXBuildFile; fileRef = 5D092E922C91E6EB008CFB8E /* CharactersListViewModel.swift */; };
		5D092E962C91E7A8008CFB8E /* CharacterItemView.swift in Sources */ = {isa = PBXBuildFile; fileRef = 5D092E952C91E7A8008CFB8E /* CharacterItemView.swift */; };
		5D092E992C91E9FA008CFB8E /* CharacterModel.swift in Sources */ = {isa = PBXBuildFile; fileRef = 5D092E982C91E9FA008CFB8E /* CharacterModel.swift */; };
		5D092EB72C924499008CFB8E /* BaseTableViewCell.swift in Sources */ = {isa = PBXBuildFile; fileRef = 5D092EB62C924499008CFB8E /* BaseTableViewCell.swift */; };
		5D092ECA2C924D99008CFB8E /* netfox in Frameworks */ = {isa = PBXBuildFile; productRef = 5D092EC92C924D99008CFB8E /* netfox */; };
		5D092ECD2C930061008CFB8E /* LoadingDataSource.swift in Sources */ = {isa = PBXBuildFile; fileRef = 5D092ECC2C930061008CFB8E /* LoadingDataSource.swift */; };
		5D092ECF2C930CB2008CFB8E /* PopulateDataSource.swift in Sources */ = {isa = PBXBuildFile; fileRef = 5D092ECE2C930CB2008CFB8E /* PopulateDataSource.swift */; };
		5D092ED12C9312B9008CFB8E /* FilterDataSource.swift in Sources */ = {isa = PBXBuildFile; fileRef = 5D092ED02C9312B9008CFB8E /* FilterDataSource.swift */; };
		5D092ED32C93B40E008CFB8E /* UIConfigurator.swift in Sources */ = {isa = PBXBuildFile; fileRef = 5D092ED22C93B40E008CFB8E /* UIConfigurator.swift */; };
		5D092ED62C95ADB3008CFB8E /* CharacterDetailView.swift in Sources */ = {isa = PBXBuildFile; fileRef = 5D092ED52C95ADB3008CFB8E /* CharacterDetailView.swift */; };
		5D092ED92C95B9B8008CFB8E /* CharacterDetailCoordinator.swift in Sources */ = {isa = PBXBuildFile; fileRef = 5D092ED82C95B9B8008CFB8E /* CharacterDetailCoordinator.swift */; };
		5D092EDD2C95C886008CFB8E /* CharacterDetailViewModel.swift in Sources */ = {isa = PBXBuildFile; fileRef = 5D092EDC2C95C886008CFB8E /* CharacterDetailViewModel.swift */; };
/* End PBXBuildFile section */

/* Begin PBXContainerItemProxy section */
		5D092E3B2C91DC11008CFB8E /* PBXContainerItemProxy */ = {
			isa = PBXContainerItemProxy;
			containerPortal = 5D092E1C2C91DC0D008CFB8E /* Project object */;
			proxyType = 1;
			remoteGlobalIDString = 5D092E232C91DC0D008CFB8E;
			remoteInfo = CharacterChallenge;
		};
		5D092E452C91DC11008CFB8E /* PBXContainerItemProxy */ = {
			isa = PBXContainerItemProxy;
			containerPortal = 5D092E1C2C91DC0D008CFB8E /* Project object */;
			proxyType = 1;
			remoteGlobalIDString = 5D092E232C91DC0D008CFB8E;
			remoteInfo = CharacterChallenge;
		};
/* End PBXContainerItemProxy section */

/* Begin PBXFileReference section */
		5D092E242C91DC0D008CFB8E /* CharacterChallenge.app */ = {isa = PBXFileReference; explicitFileType = wrapper.application; includeInIndex = 0; path = CharacterChallenge.app; sourceTree = BUILT_PRODUCTS_DIR; };
		5D092E272C91DC0D008CFB8E /* AppDelegate.swift */ = {isa = PBXFileReference; lastKnownFileType = sourcecode.swift; path = AppDelegate.swift; sourceTree = "<group>"; };
		5D092E302C91DC10008CFB8E /* Assets.xcassets */ = {isa = PBXFileReference; lastKnownFileType = folder.assetcatalog; path = Assets.xcassets; sourceTree = "<group>"; };
		5D092E332C91DC10008CFB8E /* Base */ = {isa = PBXFileReference; lastKnownFileType = file.storyboard; name = Base; path = Base.lproj/LaunchScreen.storyboard; sourceTree = "<group>"; };
		5D092E352C91DC10008CFB8E /* Info.plist */ = {isa = PBXFileReference; lastKnownFileType = text.plist.xml; path = Info.plist; sourceTree = "<group>"; };
		5D092E3A2C91DC11008CFB8E /* CharacterChallengeTests.xctest */ = {isa = PBXFileReference; explicitFileType = wrapper.cfbundle; includeInIndex = 0; path = CharacterChallengeTests.xctest; sourceTree = BUILT_PRODUCTS_DIR; };
		5D092E3E2C91DC11008CFB8E /* CharacterChallengeTests.swift */ = {isa = PBXFileReference; lastKnownFileType = sourcecode.swift; path = CharacterChallengeTests.swift; sourceTree = "<group>"; };
		5D092E442C91DC11008CFB8E /* CharacterChallengeUITests.xctest */ = {isa = PBXFileReference; explicitFileType = wrapper.cfbundle; includeInIndex = 0; path = CharacterChallengeUITests.xctest; sourceTree = BUILT_PRODUCTS_DIR; };
		5D092E482C91DC11008CFB8E /* CharacterChallengeUITests.swift */ = {isa = PBXFileReference; lastKnownFileType = sourcecode.swift; path = CharacterChallengeUITests.swift; sourceTree = "<group>"; };
		5D092E4A2C91DC11008CFB8E /* CharacterChallengeUITestsLaunchTests.swift */ = {isa = PBXFileReference; lastKnownFileType = sourcecode.swift; path = CharacterChallengeUITestsLaunchTests.swift; sourceTree = "<group>"; };
		5D092E732C91DF52008CFB8E /* APIConfig.swift */ = {isa = PBXFileReference; fileEncoding = 4; lastKnownFileType = sourcecode.swift; path = APIConfig.swift; sourceTree = "<group>"; };
		5D092E742C91DF52008CFB8E /* AppConfig.swift */ = {isa = PBXFileReference; fileEncoding = 4; lastKnownFileType = sourcecode.swift; path = AppConfig.swift; sourceTree = "<group>"; };
		5D092E782C91DF61008CFB8E /* DIContainer+Networking.swift */ = {isa = PBXFileReference; fileEncoding = 4; lastKnownFileType = sourcecode.swift; path = "DIContainer+Networking.swift"; sourceTree = "<group>"; };
		5D092E7B2C91DF61008CFB8E /* DIContainer+characterUseCases.swift */ = {isa = PBXFileReference; fileEncoding = 4; lastKnownFileType = sourcecode.swift; path = "DIContainer+characterUseCases.swift"; sourceTree = "<group>"; };
		5D092E7C2C91DF61008CFB8E /* DIContainer.swift */ = {isa = PBXFileReference; fileEncoding = 4; lastKnownFileType = sourcecode.swift; path = DIContainer.swift; sourceTree = "<group>"; };
		5D092E802C91DF72008CFB8E /* DesignSystemManager.swift */ = {isa = PBXFileReference; fileEncoding = 4; lastKnownFileType = sourcecode.swift; path = DesignSystemManager.swift; sourceTree = "<group>"; };
		5D092E812C91DF72008CFB8E /* AuthManager.swift */ = {isa = PBXFileReference; fileEncoding = 4; lastKnownFileType = sourcecode.swift; path = AuthManager.swift; sourceTree = "<group>"; };
		5D092E822C91DF72008CFB8E /* DataConfigurator.swift */ = {isa = PBXFileReference; fileEncoding = 4; lastKnownFileType = sourcecode.swift; path = DataConfigurator.swift; sourceTree = "<group>"; };
		5D092E832C91DF73008CFB8E /* LoggerManager.swift */ = {isa = PBXFileReference; fileEncoding = 4; lastKnownFileType = sourcecode.swift; path = LoggerManager.swift; sourceTree = "<group>"; };
		5D092E892C91E0AD008CFB8E /* CharactersListViewController.swift */ = {isa = PBXFileReference; lastKnownFileType = sourcecode.swift; path = CharactersListViewController.swift; sourceTree = "<group>"; };
		5D092E8A2C91E0AD008CFB8E /* CharactersListViewController.xib */ = {isa = PBXFileReference; lastKnownFileType = file.xib; path = CharactersListViewController.xib; sourceTree = "<group>"; };
		5D092E8E2C91E4EA008CFB8E /* MainCoordinator.swift */ = {isa = PBXFileReference; lastKnownFileType = sourcecode.swift; path = MainCoordinator.swift; sourceTree = "<group>"; };
		5D092E922C91E6EB008CFB8E /* CharactersListViewModel.swift */ = {isa = PBXFileReference; lastKnownFileType = sourcecode.swift; path = CharactersListViewModel.swift; sourceTree = "<group>"; };
		5D092E952C91E7A8008CFB8E /* CharacterItemView.swift */ = {isa = PBXFileReference; lastKnownFileType = sourcecode.swift; path = CharacterItemView.swift; sourceTree = "<group>"; };
		5D092E982C91E9FA008CFB8E /* CharacterModel.swift */ = {isa = PBXFileReference; lastKnownFileType = sourcecode.swift; path = CharacterModel.swift; sourceTree = "<group>"; };
		5D092EB62C924499008CFB8E /* BaseTableViewCell.swift */ = {isa = PBXFileReference; lastKnownFileType = sourcecode.swift; path = BaseTableViewCell.swift; sourceTree = "<group>"; };
		5D092ECC2C930061008CFB8E /* LoadingDataSource.swift */ = {isa = PBXFileReference; lastKnownFileType = sourcecode.swift; path = LoadingDataSource.swift; sourceTree = "<group>"; };
		5D092ECE2C930CB2008CFB8E /* PopulateDataSource.swift */ = {isa = PBXFileReference; lastKnownFileType = sourcecode.swift; path = PopulateDataSource.swift; sourceTree = "<group>"; };
		5D092ED02C9312B9008CFB8E /* FilterDataSource.swift */ = {isa = PBXFileReference; lastKnownFileType = sourcecode.swift; path = FilterDataSource.swift; sourceTree = "<group>"; };
		5D092ED22C93B40E008CFB8E /* UIConfigurator.swift */ = {isa = PBXFileReference; lastKnownFileType = sourcecode.swift; path = UIConfigurator.swift; sourceTree = "<group>"; };
		5D092ED52C95ADB3008CFB8E /* CharacterDetailView.swift */ = {isa = PBXFileReference; lastKnownFileType = sourcecode.swift; path = CharacterDetailView.swift; sourceTree = "<group>"; };
		5D092ED82C95B9B8008CFB8E /* CharacterDetailCoordinator.swift */ = {isa = PBXFileReference; lastKnownFileType = sourcecode.swift; path = CharacterDetailCoordinator.swift; sourceTree = "<group>"; };
		5D092EDC2C95C886008CFB8E /* CharacterDetailViewModel.swift */ = {isa = PBXFileReference; lastKnownFileType = sourcecode.swift; path = CharacterDetailViewModel.swift; sourceTree = "<group>"; };
/* End PBXFileReference section */

/* Begin PBXFrameworksBuildPhase section */
		5D092E212C91DC0D008CFB8E /* Frameworks */ = {
			isa = PBXFrameworksBuildPhase;
			buildActionMask = 2147483647;
			files = (
				5D092ECA2C924D99008CFB8E /* netfox in Frameworks */,
				5D092E652C91DEB8008CFB8E /* CharacterDomain in Frameworks */,
				5D092E6C2C91DEE6008CFB8E /* ConfigData in Frameworks */,
				5D092E622C91DE63008CFB8E /* DesignSystem in Frameworks */,
				5D092E5D2C91DE14008CFB8E /* Networking in Frameworks */,
				5D092E602C91DE63008CFB8E /* CharacterDesignSystem in Frameworks */,
				5D092E6A2C91DEE6008CFB8E /* CharacterData in Frameworks */,
				5D092E5B2C91DE14008CFB8E /* Logger in Frameworks */,
				5D092E672C91DEB8008CFB8E /* CoreDomain in Frameworks */,
				5D092E592C91DE14008CFB8E /* Core in Frameworks */,
			);
			runOnlyForDeploymentPostprocessing = 0;
		};
		5D092E372C91DC11008CFB8E /* Frameworks */ = {
			isa = PBXFrameworksBuildPhase;
			buildActionMask = 2147483647;
			files = (
			);
			runOnlyForDeploymentPostprocessing = 0;
		};
		5D092E412C91DC11008CFB8E /* Frameworks */ = {
			isa = PBXFrameworksBuildPhase;
			buildActionMask = 2147483647;
			files = (
			);
			runOnlyForDeploymentPostprocessing = 0;
		};
/* End PBXFrameworksBuildPhase section */

/* Begin PBXGroup section */
		5D092E1B2C91DC0D008CFB8E = {
			isa = PBXGroup;
			children = (
				5D092E262C91DC0D008CFB8E /* CharacterChallenge */,
				5D092E3D2C91DC11008CFB8E /* CharacterChallengeTests */,
				5D092E472C91DC11008CFB8E /* CharacterChallengeUITests */,
				5D092E252C91DC0D008CFB8E /* Products */,
			);
			sourceTree = "<group>";
		};
		5D092E252C91DC0D008CFB8E /* Products */ = {
			isa = PBXGroup;
			children = (
				5D092E242C91DC0D008CFB8E /* CharacterChallenge.app */,
				5D092E3A2C91DC11008CFB8E /* CharacterChallengeTests.xctest */,
				5D092E442C91DC11008CFB8E /* CharacterChallengeUITests.xctest */,
			);
			name = Products;
			sourceTree = "<group>";
		};
		5D092E262C91DC0D008CFB8E /* CharacterChallenge */ = {
			isa = PBXGroup;
			children = (
				5D092E6D2C91DF11008CFB8E /* App */,
				5D092E272C91DC0D008CFB8E /* AppDelegate.swift */,
				5D092E322C91DC10008CFB8E /* LaunchScreen.storyboard */,
				5D092E352C91DC10008CFB8E /* Info.plist */,
			);
			path = CharacterChallenge;
			sourceTree = "<group>";
		};
		5D092E3D2C91DC11008CFB8E /* CharacterChallengeTests */ = {
			isa = PBXGroup;
			children = (
				5D092E3E2C91DC11008CFB8E /* CharacterChallengeTests.swift */,
			);
			path = CharacterChallengeTests;
			sourceTree = "<group>";
		};
		5D092E472C91DC11008CFB8E /* CharacterChallengeUITests */ = {
			isa = PBXGroup;
			children = (
				5D092E482C91DC11008CFB8E /* CharacterChallengeUITests.swift */,
				5D092E4A2C91DC11008CFB8E /* CharacterChallengeUITestsLaunchTests.swift */,
			);
			path = CharacterChallengeUITests;
			sourceTree = "<group>";
		};
		5D092E6D2C91DF11008CFB8E /* App */ = {
			isa = PBXGroup;
			children = (
				5D092E9A2C91FB9C008CFB8E /* Utilities */,
				5D092E722C91DF35008CFB8E /* Scenes */,
				5D092E712C91DF2E008CFB8E /* Manager */,
				5D092E702C91DF28008CFB8E /* Resources */,
				5D092E6F2C91DF21008CFB8E /* DependencyInjection  */,
				5D092E6E2C91DF17008CFB8E /* Configs */,
			);
			path = App;
			sourceTree = "<group>";
		};
		5D092E6E2C91DF17008CFB8E /* Configs */ = {
			isa = PBXGroup;
			children = (
				5D092E732C91DF52008CFB8E /* APIConfig.swift */,
				5D092E742C91DF52008CFB8E /* AppConfig.swift */,
			);
			path = Configs;
			sourceTree = "<group>";
		};
		5D092E6F2C91DF21008CFB8E /* DependencyInjection  */ = {
			isa = PBXGroup;
			children = (
				5D092E7C2C91DF61008CFB8E /* DIContainer.swift */,
				5D092E772C91DF61008CFB8E /* Networking */,
				5D092E792C91DF61008CFB8E /* UseCases */,
			);
			path = "DependencyInjection ";
			sourceTree = "<group>";
		};
		5D092E702C91DF28008CFB8E /* Resources */ = {
			isa = PBXGroup;
			children = (
				5D092E302C91DC10008CFB8E /* Assets.xcassets */,
			);
			path = Resources;
			sourceTree = "<group>";
		};
		5D092E712C91DF2E008CFB8E /* Manager */ = {
			isa = PBXGroup;
			children = (
				5D092E812C91DF72008CFB8E /* AuthManager.swift */,
				5D092E822C91DF72008CFB8E /* DataConfigurator.swift */,
				5D092E802C91DF72008CFB8E /* DesignSystemManager.swift */,
				5D092E832C91DF73008CFB8E /* LoggerManager.swift */,
				5D092ED22C93B40E008CFB8E /* UIConfigurator.swift */,
			);
			path = Manager;
			sourceTree = "<group>";
		};
		5D092E722C91DF35008CFB8E /* Scenes */ = {
			isa = PBXGroup;
			children = (
				5D092ED42C95AC6F008CFB8E /* Details */,
				5D092E882C91E09D008CFB8E /* Listing */,
			);
			path = Scenes;
			sourceTree = "<group>";
		};
		5D092E772C91DF61008CFB8E /* Networking */ = {
			isa = PBXGroup;
			children = (
				5D092E782C91DF61008CFB8E /* DIContainer+Networking.swift */,
			);
			path = Networking;
			sourceTree = "<group>";
		};
		5D092E792C91DF61008CFB8E /* UseCases */ = {
			isa = PBXGroup;
			children = (
				5D092E7A2C91DF61008CFB8E /* Character */,
			);
			path = UseCases;
			sourceTree = "<group>";
		};
		5D092E7A2C91DF61008CFB8E /* Character */ = {
			isa = PBXGroup;
			children = (
				5D092E7B2C91DF61008CFB8E /* DIContainer+characterUseCases.swift */,
			);
			path = Character;
			sourceTree = "<group>";
		};
		5D092E882C91E09D008CFB8E /* Listing */ = {
			isa = PBXGroup;
			children = (
				5D092E972C91E9EE008CFB8E /* Model */,
				5D092E912C91E6BA008CFB8E /* ViewModel */,
				5D092E902C91E6B1008CFB8E /* View */,
				5D092E8D2C91E4DA008CFB8E /* Coordinator */,
			);
			path = Listing;
			sourceTree = "<group>";
		};
		5D092E8D2C91E4DA008CFB8E /* Coordinator */ = {
			isa = PBXGroup;
			children = (
				5D092E8E2C91E4EA008CFB8E /* MainCoordinator.swift */,
			);
			path = Coordinator;
			sourceTree = "<group>";
		};
		5D092E902C91E6B1008CFB8E /* View */ = {
			isa = PBXGroup;
			children = (
				5D092ECB2C930054008CFB8E /* DataSource */,
				5D092E942C91E754008CFB8E /* SubViews */,
				5D092E892C91E0AD008CFB8E /* CharactersListViewController.swift */,
				5D092E8A2C91E0AD008CFB8E /* CharactersListViewController.xib */,
			);
			path = View;
			sourceTree = "<group>";
		};
		5D092E912C91E6BA008CFB8E /* ViewModel */ = {
			isa = PBXGroup;
			children = (
				5D092E922C91E6EB008CFB8E /* CharactersListViewModel.swift */,
			);
			path = ViewModel;
			sourceTree = "<group>";
		};
		5D092E942C91E754008CFB8E /* SubViews */ = {
			isa = PBXGroup;
			children = (
				5D092E952C91E7A8008CFB8E /* CharacterItemView.swift */,
				5D092EB62C924499008CFB8E /* BaseTableViewCell.swift */,
			);
			path = SubViews;
			sourceTree = "<group>";
		};
		5D092E972C91E9EE008CFB8E /* Model */ = {
			isa = PBXGroup;
			children = (
				5D092E982C91E9FA008CFB8E /* CharacterModel.swift */,
			);
			path = Model;
			sourceTree = "<group>";
		};
		5D092E9A2C91FB9C008CFB8E /* Utilities */ = {
			isa = PBXGroup;
			children = (
			);
			path = Utilities;
			sourceTree = "<group>";
		};
		5D092ECB2C930054008CFB8E /* DataSource */ = {
			isa = PBXGroup;
			children = (
				5D092ECC2C930061008CFB8E /* LoadingDataSource.swift */,
				5D092ECE2C930CB2008CFB8E /* PopulateDataSource.swift */,
				5D092ED02C9312B9008CFB8E /* FilterDataSource.swift */,
			);
			path = DataSource;
			sourceTree = "<group>";
		};
		5D092ED42C95AC6F008CFB8E /* Details */ = {
			isa = PBXGroup;
			children = (
				5D092EDB2C95C86F008CFB8E /* ViewModel */,
				5D092EDA2C95B9C1008CFB8E /* Coordinator */,
				5D092ED72C95B9A2008CFB8E /* View */,
				5D092ED52C95ADB3008CFB8E /* CharacterDetailView.swift */,
			);
			path = Details;
			sourceTree = "<group>";
		};
		5D092ED72C95B9A2008CFB8E /* View */ = {
			isa = PBXGroup;
			children = (
			);
			path = View;
			sourceTree = "<group>";
		};
		5D092EDA2C95B9C1008CFB8E /* Coordinator */ = {
			isa = PBXGroup;
			children = (
				5D092ED82C95B9B8008CFB8E /* CharacterDetailCoordinator.swift */,
			);
			path = Coordinator;
			sourceTree = "<group>";
		};
		5D092EDB2C95C86F008CFB8E /* ViewModel */ = {
			isa = PBXGroup;
			children = (
				5D092EDC2C95C886008CFB8E /* CharacterDetailViewModel.swift */,
			);
			path = ViewModel;
			sourceTree = "<group>";
		};
/* End PBXGroup section */

/* Begin PBXNativeTarget section */
		5D092E232C91DC0D008CFB8E /* CharacterChallenge */ = {
			isa = PBXNativeTarget;
			buildConfigurationList = 5D092E4E2C91DC11008CFB8E /* Build configuration list for PBXNativeTarget "CharacterChallenge" */;
			buildPhases = (
				5D092E202C91DC0D008CFB8E /* Sources */,
				5D092E212C91DC0D008CFB8E /* Frameworks */,
				5D092E222C91DC0D008CFB8E /* Resources */,
			);
			buildRules = (
			);
			dependencies = (
			);
			name = CharacterChallenge;
			packageProductDependencies = (
				5D092E582C91DE14008CFB8E /* Core */,
				5D092E5A2C91DE14008CFB8E /* Logger */,
				5D092E5C2C91DE14008CFB8E /* Networking */,
				5D092E5F2C91DE63008CFB8E /* CharacterDesignSystem */,
				5D092E612C91DE63008CFB8E /* DesignSystem */,
				5D092E642C91DEB8008CFB8E /* CharacterDomain */,
				5D092E662C91DEB8008CFB8E /* CoreDomain */,
				5D092E692C91DEE6008CFB8E /* CharacterData */,
				5D092E6B2C91DEE6008CFB8E /* ConfigData */,
				5D092EC92C924D99008CFB8E /* netfox */,
			);
			productName = CharacterChallenge;
			productReference = 5D092E242C91DC0D008CFB8E /* CharacterChallenge.app */;
			productType = "com.apple.product-type.application";
		};
		5D092E392C91DC11008CFB8E /* CharacterChallengeTests */ = {
			isa = PBXNativeTarget;
			buildConfigurationList = 5D092E512C91DC11008CFB8E /* Build configuration list for PBXNativeTarget "CharacterChallengeTests" */;
			buildPhases = (
				5D092E362C91DC11008CFB8E /* Sources */,
				5D092E372C91DC11008CFB8E /* Frameworks */,
				5D092E382C91DC11008CFB8E /* Resources */,
			);
			buildRules = (
			);
			dependencies = (
				5D092E3C2C91DC11008CFB8E /* PBXTargetDependency */,
			);
			name = CharacterChallengeTests;
			productName = CharacterChallengeTests;
			productReference = 5D092E3A2C91DC11008CFB8E /* CharacterChallengeTests.xctest */;
			productType = "com.apple.product-type.bundle.unit-test";
		};
		5D092E432C91DC11008CFB8E /* CharacterChallengeUITests */ = {
			isa = PBXNativeTarget;
			buildConfigurationList = 5D092E542C91DC11008CFB8E /* Build configuration list for PBXNativeTarget "CharacterChallengeUITests" */;
			buildPhases = (
				5D092E402C91DC11008CFB8E /* Sources */,
				5D092E412C91DC11008CFB8E /* Frameworks */,
				5D092E422C91DC11008CFB8E /* Resources */,
			);
			buildRules = (
			);
			dependencies = (
				5D092E462C91DC11008CFB8E /* PBXTargetDependency */,
			);
			name = CharacterChallengeUITests;
			productName = CharacterChallengeUITests;
			productReference = 5D092E442C91DC11008CFB8E /* CharacterChallengeUITests.xctest */;
			productType = "com.apple.product-type.bundle.ui-testing";
		};
/* End PBXNativeTarget section */

/* Begin PBXProject section */
		5D092E1C2C91DC0D008CFB8E /* Project object */ = {
			isa = PBXProject;
			attributes = {
				BuildIndependentTargetsInParallel = 1;
				LastSwiftUpdateCheck = 1500;
				LastUpgradeCheck = 1500;
				TargetAttributes = {
					5D092E232C91DC0D008CFB8E = {
						CreatedOnToolsVersion = 15.0.1;
					};
					5D092E392C91DC11008CFB8E = {
						CreatedOnToolsVersion = 15.0.1;
						TestTargetID = 5D092E232C91DC0D008CFB8E;
					};
					5D092E432C91DC11008CFB8E = {
						CreatedOnToolsVersion = 15.0.1;
						TestTargetID = 5D092E232C91DC0D008CFB8E;
					};
				};
			};
			buildConfigurationList = 5D092E1F2C91DC0D008CFB8E /* Build configuration list for PBXProject "CharacterChallenge" */;
			compatibilityVersion = "Xcode 14.0";
			developmentRegion = en;
			hasScannedForEncodings = 0;
			knownRegions = (
				en,
				Base,
			);
			mainGroup = 5D092E1B2C91DC0D008CFB8E;
			packageReferences = (
				5D092E572C91DE14008CFB8E /* XCLocalSwiftPackageReference "CharacterChallenge/Core" */,
				5D092E5E2C91DE63008CFB8E /* XCLocalSwiftPackageReference "CharacterChallenge/DesignSystem" */,
				5D092E632C91DEB8008CFB8E /* XCLocalSwiftPackageReference "CharacterChallenge/Domain" */,
				5D092E682C91DEE6008CFB8E /* XCLocalSwiftPackageReference "CharacterChallenge/Data" */,
				5D092EC82C924D99008CFB8E /* XCRemoteSwiftPackageReference "netfox" */,
			);
			productRefGroup = 5D092E252C91DC0D008CFB8E /* Products */;
			projectDirPath = "";
			projectRoot = "";
			targets = (
				5D092E232C91DC0D008CFB8E /* CharacterChallenge */,
				5D092E392C91DC11008CFB8E /* CharacterChallengeTests */,
				5D092E432C91DC11008CFB8E /* CharacterChallengeUITests */,
			);
		};
/* End PBXProject section */

/* Begin PBXResourcesBuildPhase section */
		5D092E222C91DC0D008CFB8E /* Resources */ = {
			isa = PBXResourcesBuildPhase;
			buildActionMask = 2147483647;
			files = (
				5D092E342C91DC10008CFB8E /* LaunchScreen.storyboard in Resources */,
				5D092E8C2C91E0AD008CFB8E /* CharactersListViewController.xib in Resources */,
				5D092E312C91DC10008CFB8E /* Assets.xcassets in Resources */,
			);
			runOnlyForDeploymentPostprocessing = 0;
		};
		5D092E382C91DC11008CFB8E /* Resources */ = {
			isa = PBXResourcesBuildPhase;
			buildActionMask = 2147483647;
			files = (
			);
			runOnlyForDeploymentPostprocessing = 0;
		};
		5D092E422C91DC11008CFB8E /* Resources */ = {
			isa = PBXResourcesBuildPhase;
			buildActionMask = 2147483647;
			files = (
			);
			runOnlyForDeploymentPostprocessing = 0;
		};
/* End PBXResourcesBuildPhase section */

/* Begin PBXSourcesBuildPhase section */
		5D092E202C91DC0D008CFB8E /* Sources */ = {
			isa = PBXSourcesBuildPhase;
			buildActionMask = 2147483647;
			files = (
				5D092E8B2C91E0AD008CFB8E /* CharactersListViewController.swift in Sources */,
				5D092E8F2C91E4EA008CFB8E /* MainCoordinator.swift in Sources */,
				5D092E762C91DF52008CFB8E /* AppConfig.swift in Sources */,
				5D092ED62C95ADB3008CFB8E /* CharacterDetailView.swift in Sources */,
				5D092E7D2C91DF61008CFB8E /* DIContainer+Networking.swift in Sources */,
				5D092ED32C93B40E008CFB8E /* UIConfigurator.swift in Sources */,
				5D092E282C91DC0D008CFB8E /* AppDelegate.swift in Sources */,
				5D092E7F2C91DF61008CFB8E /* DIContainer.swift in Sources */,
				5D092EDD2C95C886008CFB8E /* CharacterDetailViewModel.swift in Sources */,
				5D092E872C91DF73008CFB8E /* LoggerManager.swift in Sources */,
				5D092EB72C924499008CFB8E /* BaseTableViewCell.swift in Sources */,
				5D092E752C91DF52008CFB8E /* APIConfig.swift in Sources */,
				5D092E862C91DF73008CFB8E /* DataConfigurator.swift in Sources */,
				5D092ED12C9312B9008CFB8E /* FilterDataSource.swift in Sources */,
				5D092E932C91E6EB008CFB8E /* CharactersListViewModel.swift in Sources */,
				5D092ED92C95B9B8008CFB8E /* CharacterDetailCoordinator.swift in Sources */,
				5D092E992C91E9FA008CFB8E /* CharacterModel.swift in Sources */,
				5D092E842C91DF73008CFB8E /* DesignSystemManager.swift in Sources */,
				5D092E962C91E7A8008CFB8E /* CharacterItemView.swift in Sources */,
				5D092ECF2C930CB2008CFB8E /* PopulateDataSource.swift in Sources */,
				5D092E7E2C91DF61008CFB8E /* DIContainer+characterUseCases.swift in Sources */,
				5D092E852C91DF73008CFB8E /* AuthManager.swift in Sources */,
				5D092ECD2C930061008CFB8E /* LoadingDataSource.swift in Sources */,
			);
			runOnlyForDeploymentPostprocessing = 0;
		};
		5D092E362C91DC11008CFB8E /* Sources */ = {
			isa = PBXSourcesBuildPhase;
			buildActionMask = 2147483647;
			files = (
				5D092E3F2C91DC11008CFB8E /* CharacterChallengeTests.swift in Sources */,
			);
			runOnlyForDeploymentPostprocessing = 0;
		};
		5D092E402C91DC11008CFB8E /* Sources */ = {
			isa = PBXSourcesBuildPhase;
			buildActionMask = 2147483647;
			files = (
				5D092E4B2C91DC11008CFB8E /* CharacterChallengeUITestsLaunchTests.swift in Sources */,
				5D092E492C91DC11008CFB8E /* CharacterChallengeUITests.swift in Sources */,
			);
			runOnlyForDeploymentPostprocessing = 0;
		};
/* End PBXSourcesBuildPhase section */

/* Begin PBXTargetDependency section */
		5D092E3C2C91DC11008CFB8E /* PBXTargetDependency */ = {
			isa = PBXTargetDependency;
			target = 5D092E232C91DC0D008CFB8E /* CharacterChallenge */;
			targetProxy = 5D092E3B2C91DC11008CFB8E /* PBXContainerItemProxy */;
		};
		5D092E462C91DC11008CFB8E /* PBXTargetDependency */ = {
			isa = PBXTargetDependency;
			target = 5D092E232C91DC0D008CFB8E /* CharacterChallenge */;
			targetProxy = 5D092E452C91DC11008CFB8E /* PBXContainerItemProxy */;
		};
/* End PBXTargetDependency section */

/* Begin PBXVariantGroup section */
		5D092E322C91DC10008CFB8E /* LaunchScreen.storyboard */ = {
			isa = PBXVariantGroup;
			children = (
				5D092E332C91DC10008CFB8E /* Base */,
			);
			name = LaunchScreen.storyboard;
			sourceTree = "<group>";
		};
/* End PBXVariantGroup section */

/* Begin XCBuildConfiguration section */
		5D092E4C2C91DC11008CFB8E /* Debug */ = {
			isa = XCBuildConfiguration;
			buildSettings = {
				ALWAYS_SEARCH_USER_PATHS = NO;
				ASSETCATALOG_COMPILER_GENERATE_SWIFT_ASSET_SYMBOL_EXTENSIONS = YES;
				CLANG_ANALYZER_NONNULL = YES;
				CLANG_ANALYZER_NUMBER_OBJECT_CONVERSION = YES_AGGRESSIVE;
				CLANG_CXX_LANGUAGE_STANDARD = "gnu++20";
				CLANG_ENABLE_MODULES = YES;
				CLANG_ENABLE_OBJC_ARC = YES;
				CLANG_ENABLE_OBJC_WEAK = YES;
				CLANG_WARN_BLOCK_CAPTURE_AUTORELEASING = YES;
				CLANG_WARN_BOOL_CONVERSION = YES;
				CLANG_WARN_COMMA = YES;
				CLANG_WARN_CONSTANT_CONVERSION = YES;
				CLANG_WARN_DEPRECATED_OBJC_IMPLEMENTATIONS = YES;
				CLANG_WARN_DIRECT_OBJC_ISA_USAGE = YES_ERROR;
				CLANG_WARN_DOCUMENTATION_COMMENTS = YES;
				CLANG_WARN_EMPTY_BODY = YES;
				CLANG_WARN_ENUM_CONVERSION = YES;
				CLANG_WARN_INFINITE_RECURSION = YES;
				CLANG_WARN_INT_CONVERSION = YES;
				CLANG_WARN_NON_LITERAL_NULL_CONVERSION = YES;
				CLANG_WARN_OBJC_IMPLICIT_RETAIN_SELF = YES;
				CLANG_WARN_OBJC_LITERAL_CONVERSION = YES;
				CLANG_WARN_OBJC_ROOT_CLASS = YES_ERROR;
				CLANG_WARN_QUOTED_INCLUDE_IN_FRAMEWORK_HEADER = YES;
				CLANG_WARN_RANGE_LOOP_ANALYSIS = YES;
				CLANG_WARN_STRICT_PROTOTYPES = YES;
				CLANG_WARN_SUSPICIOUS_MOVE = YES;
				CLANG_WARN_UNGUARDED_AVAILABILITY = YES_AGGRESSIVE;
				CLANG_WARN_UNREACHABLE_CODE = YES;
				CLANG_WARN__DUPLICATE_METHOD_MATCH = YES;
				COPY_PHASE_STRIP = NO;
				DEBUG_INFORMATION_FORMAT = dwarf;
				ENABLE_STRICT_OBJC_MSGSEND = YES;
				ENABLE_TESTABILITY = YES;
				ENABLE_USER_SCRIPT_SANDBOXING = YES;
				GCC_C_LANGUAGE_STANDARD = gnu17;
				GCC_DYNAMIC_NO_PIC = NO;
				GCC_NO_COMMON_BLOCKS = YES;
				GCC_OPTIMIZATION_LEVEL = 0;
				GCC_PREPROCESSOR_DEFINITIONS = (
					"DEBUG=1",
					"$(inherited)",
				);
				GCC_WARN_64_TO_32_BIT_CONVERSION = YES;
				GCC_WARN_ABOUT_RETURN_TYPE = YES_ERROR;
				GCC_WARN_UNDECLARED_SELECTOR = YES;
				GCC_WARN_UNINITIALIZED_AUTOS = YES_AGGRESSIVE;
				GCC_WARN_UNUSED_FUNCTION = YES;
				GCC_WARN_UNUSED_VARIABLE = YES;
				IPHONEOS_DEPLOYMENT_TARGET = 17.0;
				LOCALIZATION_PREFERS_STRING_CATALOGS = YES;
				MTL_ENABLE_DEBUG_INFO = INCLUDE_SOURCE;
				MTL_FAST_MATH = YES;
				ONLY_ACTIVE_ARCH = YES;
				SDKROOT = iphoneos;
				SWIFT_ACTIVE_COMPILATION_CONDITIONS = "DEBUG $(inherited)";
				SWIFT_OPTIMIZATION_LEVEL = "-Onone";
			};
			name = Debug;
		};
		5D092E4D2C91DC11008CFB8E /* Release */ = {
			isa = XCBuildConfiguration;
			buildSettings = {
				ALWAYS_SEARCH_USER_PATHS = NO;
				ASSETCATALOG_COMPILER_GENERATE_SWIFT_ASSET_SYMBOL_EXTENSIONS = YES;
				CLANG_ANALYZER_NONNULL = YES;
				CLANG_ANALYZER_NUMBER_OBJECT_CONVERSION = YES_AGGRESSIVE;
				CLANG_CXX_LANGUAGE_STANDARD = "gnu++20";
				CLANG_ENABLE_MODULES = YES;
				CLANG_ENABLE_OBJC_ARC = YES;
				CLANG_ENABLE_OBJC_WEAK = YES;
				CLANG_WARN_BLOCK_CAPTURE_AUTORELEASING = YES;
				CLANG_WARN_BOOL_CONVERSION = YES;
				CLANG_WARN_COMMA = YES;
				CLANG_WARN_CONSTANT_CONVERSION = YES;
				CLANG_WARN_DEPRECATED_OBJC_IMPLEMENTATIONS = YES;
				CLANG_WARN_DIRECT_OBJC_ISA_USAGE = YES_ERROR;
				CLANG_WARN_DOCUMENTATION_COMMENTS = YES;
				CLANG_WARN_EMPTY_BODY = YES;
				CLANG_WARN_ENUM_CONVERSION = YES;
				CLANG_WARN_INFINITE_RECURSION = YES;
				CLANG_WARN_INT_CONVERSION = YES;
				CLANG_WARN_NON_LITERAL_NULL_CONVERSION = YES;
				CLANG_WARN_OBJC_IMPLICIT_RETAIN_SELF = YES;
				CLANG_WARN_OBJC_LITERAL_CONVERSION = YES;
				CLANG_WARN_OBJC_ROOT_CLASS = YES_ERROR;
				CLANG_WARN_QUOTED_INCLUDE_IN_FRAMEWORK_HEADER = YES;
				CLANG_WARN_RANGE_LOOP_ANALYSIS = YES;
				CLANG_WARN_STRICT_PROTOTYPES = YES;
				CLANG_WARN_SUSPICIOUS_MOVE = YES;
				CLANG_WARN_UNGUARDED_AVAILABILITY = YES_AGGRESSIVE;
				CLANG_WARN_UNREACHABLE_CODE = YES;
				CLANG_WARN__DUPLICATE_METHOD_MATCH = YES;
				COPY_PHASE_STRIP = NO;
				DEBUG_INFORMATION_FORMAT = "dwarf-with-dsym";
				ENABLE_NS_ASSERTIONS = NO;
				ENABLE_STRICT_OBJC_MSGSEND = YES;
				ENABLE_USER_SCRIPT_SANDBOXING = YES;
				GCC_C_LANGUAGE_STANDARD = gnu17;
				GCC_NO_COMMON_BLOCKS = YES;
				GCC_WARN_64_TO_32_BIT_CONVERSION = YES;
				GCC_WARN_ABOUT_RETURN_TYPE = YES_ERROR;
				GCC_WARN_UNDECLARED_SELECTOR = YES;
				GCC_WARN_UNINITIALIZED_AUTOS = YES_AGGRESSIVE;
				GCC_WARN_UNUSED_FUNCTION = YES;
				GCC_WARN_UNUSED_VARIABLE = YES;
				IPHONEOS_DEPLOYMENT_TARGET = 17.0;
				LOCALIZATION_PREFERS_STRING_CATALOGS = YES;
				MTL_ENABLE_DEBUG_INFO = NO;
				MTL_FAST_MATH = YES;
				SDKROOT = iphoneos;
				SWIFT_COMPILATION_MODE = wholemodule;
				VALIDATE_PRODUCT = YES;
			};
			name = Release;
		};
		5D092E4F2C91DC11008CFB8E /* Debug */ = {
			isa = XCBuildConfiguration;
			buildSettings = {
				ASSETCATALOG_COMPILER_APPICON_NAME = AppIcon;
				ASSETCATALOG_COMPILER_GLOBAL_ACCENT_COLOR_NAME = AccentColor;
				CODE_SIGN_STYLE = Automatic;
				CURRENT_PROJECT_VERSION = 1;
				GENERATE_INFOPLIST_FILE = YES;
				INFOPLIST_FILE = CharacterChallenge/Info.plist;
				INFOPLIST_KEY_UIApplicationSupportsIndirectInputEvents = YES;
				INFOPLIST_KEY_UILaunchStoryboardName = LaunchScreen;
				INFOPLIST_KEY_UIMainStoryboardFile = "";
				INFOPLIST_KEY_UISupportedInterfaceOrientations_iPad = "UIInterfaceOrientationPortrait UIInterfaceOrientationPortraitUpsideDown UIInterfaceOrientationLandscapeLeft UIInterfaceOrientationLandscapeRight";
				INFOPLIST_KEY_UISupportedInterfaceOrientations_iPhone = "UIInterfaceOrientationPortrait UIInterfaceOrientationLandscapeLeft UIInterfaceOrientationLandscapeRight";
				LD_RUNPATH_SEARCH_PATHS = (
					"$(inherited)",
					"@executable_path/Frameworks",
				);
				MARKETING_VERSION = 1.0;
				PRODUCT_BUNDLE_IDENTIFIER = Yassir.CharacterChallenge;
				PRODUCT_NAME = "$(TARGET_NAME)";
				SWIFT_EMIT_LOC_STRINGS = YES;
				SWIFT_VERSION = 5.0;
				TARGETED_DEVICE_FAMILY = "1,2";
			};
			name = Debug;
		};
		5D092E502C91DC11008CFB8E /* Release */ = {
			isa = XCBuildConfiguration;
			buildSettings = {
				ASSETCATALOG_COMPILER_APPICON_NAME = AppIcon;
				ASSETCATALOG_COMPILER_GLOBAL_ACCENT_COLOR_NAME = AccentColor;
				CODE_SIGN_STYLE = Automatic;
				CURRENT_PROJECT_VERSION = 1;
				GENERATE_INFOPLIST_FILE = YES;
				INFOPLIST_FILE = CharacterChallenge/Info.plist;
				INFOPLIST_KEY_UIApplicationSupportsIndirectInputEvents = YES;
				INFOPLIST_KEY_UILaunchStoryboardName = LaunchScreen;
				INFOPLIST_KEY_UIMainStoryboardFile = "";
				INFOPLIST_KEY_UISupportedInterfaceOrientations_iPad = "UIInterfaceOrientationPortrait UIInterfaceOrientationPortraitUpsideDown UIInterfaceOrientationLandscapeLeft UIInterfaceOrientationLandscapeRight";
				INFOPLIST_KEY_UISupportedInterfaceOrientations_iPhone = "UIInterfaceOrientationPortrait UIInterfaceOrientationLandscapeLeft UIInterfaceOrientationLandscapeRight";
				LD_RUNPATH_SEARCH_PATHS = (
					"$(inherited)",
					"@executable_path/Frameworks",
				);
				MARKETING_VERSION = 1.0;
				PRODUCT_BUNDLE_IDENTIFIER = Yassir.CharacterChallenge;
				PRODUCT_NAME = "$(TARGET_NAME)";
				SWIFT_EMIT_LOC_STRINGS = YES;
				SWIFT_VERSION = 5.0;
				TARGETED_DEVICE_FAMILY = "1,2";
			};
			name = Release;
		};
		5D092E522C91DC11008CFB8E /* Debug */ = {
			isa = XCBuildConfiguration;
			buildSettings = {
				ALWAYS_EMBED_SWIFT_STANDARD_LIBRARIES = YES;
				BUNDLE_LOADER = "$(TEST_HOST)";
				CODE_SIGN_STYLE = Automatic;
				CURRENT_PROJECT_VERSION = 1;
				GENERATE_INFOPLIST_FILE = YES;
				IPHONEOS_DEPLOYMENT_TARGET = 17.0;
				MARKETING_VERSION = 1.0;
				PRODUCT_BUNDLE_IDENTIFIER = Yassir.CharacterChallengeTests;
				PRODUCT_NAME = "$(TARGET_NAME)";
				SWIFT_EMIT_LOC_STRINGS = NO;
				SWIFT_VERSION = 5.0;
				TARGETED_DEVICE_FAMILY = "1,2";
				TEST_HOST = "$(BUILT_PRODUCTS_DIR)/CharacterChallenge.app/$(BUNDLE_EXECUTABLE_FOLDER_PATH)/CharacterChallenge";
			};
			name = Debug;
		};
		5D092E532C91DC11008CFB8E /* Release */ = {
			isa = XCBuildConfiguration;
			buildSettings = {
				ALWAYS_EMBED_SWIFT_STANDARD_LIBRARIES = YES;
				BUNDLE_LOADER = "$(TEST_HOST)";
				CODE_SIGN_STYLE = Automatic;
				CURRENT_PROJECT_VERSION = 1;
				GENERATE_INFOPLIST_FILE = YES;
				IPHONEOS_DEPLOYMENT_TARGET = 17.0;
				MARKETING_VERSION = 1.0;
				PRODUCT_BUNDLE_IDENTIFIER = Yassir.CharacterChallengeTests;
				PRODUCT_NAME = "$(TARGET_NAME)";
				SWIFT_EMIT_LOC_STRINGS = NO;
				SWIFT_VERSION = 5.0;
				TARGETED_DEVICE_FAMILY = "1,2";
				TEST_HOST = "$(BUILT_PRODUCTS_DIR)/CharacterChallenge.app/$(BUNDLE_EXECUTABLE_FOLDER_PATH)/CharacterChallenge";
			};
			name = Release;
		};
		5D092E552C91DC11008CFB8E /* Debug */ = {
			isa = XCBuildConfiguration;
			buildSettings = {
				ALWAYS_EMBED_SWIFT_STANDARD_LIBRARIES = YES;
				CODE_SIGN_STYLE = Automatic;
				CURRENT_PROJECT_VERSION = 1;
				GENERATE_INFOPLIST_FILE = YES;
				MARKETING_VERSION = 1.0;
				PRODUCT_BUNDLE_IDENTIFIER = Yassir.CharacterChallengeUITests;
				PRODUCT_NAME = "$(TARGET_NAME)";
				SWIFT_EMIT_LOC_STRINGS = NO;
				SWIFT_VERSION = 5.0;
				TARGETED_DEVICE_FAMILY = "1,2";
				TEST_TARGET_NAME = CharacterChallenge;
			};
			name = Debug;
		};
		5D092E562C91DC11008CFB8E /* Release */ = {
			isa = XCBuildConfiguration;
			buildSettings = {
				ALWAYS_EMBED_SWIFT_STANDARD_LIBRARIES = YES;
				CODE_SIGN_STYLE = Automatic;
				CURRENT_PROJECT_VERSION = 1;
				GENERATE_INFOPLIST_FILE = YES;
				MARKETING_VERSION = 1.0;
				PRODUCT_BUNDLE_IDENTIFIER = Yassir.CharacterChallengeUITests;
				PRODUCT_NAME = "$(TARGET_NAME)";
				SWIFT_EMIT_LOC_STRINGS = NO;
				SWIFT_VERSION = 5.0;
				TARGETED_DEVICE_FAMILY = "1,2";
				TEST_TARGET_NAME = CharacterChallenge;
			};
			name = Release;
		};
/* End XCBuildConfiguration section */

/* Begin XCConfigurationList section */
		5D092E1F2C91DC0D008CFB8E /* Build configuration list for PBXProject "CharacterChallenge" */ = {
			isa = XCConfigurationList;
			buildConfigurations = (
				5D092E4C2C91DC11008CFB8E /* Debug */,
				5D092E4D2C91DC11008CFB8E /* Release */,
			);
			defaultConfigurationIsVisible = 0;
			defaultConfigurationName = Release;
		};
		5D092E4E2C91DC11008CFB8E /* Build configuration list for PBXNativeTarget "CharacterChallenge" */ = {
			isa = XCConfigurationList;
			buildConfigurations = (
				5D092E4F2C91DC11008CFB8E /* Debug */,
				5D092E502C91DC11008CFB8E /* Release */,
			);
			defaultConfigurationIsVisible = 0;
			defaultConfigurationName = Release;
		};
		5D092E512C91DC11008CFB8E /* Build configuration list for PBXNativeTarget "CharacterChallengeTests" */ = {
			isa = XCConfigurationList;
			buildConfigurations = (
				5D092E522C91DC11008CFB8E /* Debug */,
				5D092E532C91DC11008CFB8E /* Release */,
			);
			defaultConfigurationIsVisible = 0;
			defaultConfigurationName = Release;
		};
		5D092E542C91DC11008CFB8E /* Build configuration list for PBXNativeTarget "CharacterChallengeUITests" */ = {
			isa = XCConfigurationList;
			buildConfigurations = (
				5D092E552C91DC11008CFB8E /* Debug */,
				5D092E562C91DC11008CFB8E /* Release */,
			);
			defaultConfigurationIsVisible = 0;
			defaultConfigurationName = Release;
		};
/* End XCConfigurationList section */

/* Begin XCLocalSwiftPackageReference section */
		5D092E572C91DE14008CFB8E /* XCLocalSwiftPackageReference "CharacterChallenge/Core" */ = {
			isa = XCLocalSwiftPackageReference;
			relativePath = CharacterChallenge/Core;
		};
		5D092E5E2C91DE63008CFB8E /* XCLocalSwiftPackageReference "CharacterChallenge/DesignSystem" */ = {
			isa = XCLocalSwiftPackageReference;
			relativePath = CharacterChallenge/DesignSystem;
		};
		5D092E632C91DEB8008CFB8E /* XCLocalSwiftPackageReference "CharacterChallenge/Domain" */ = {
			isa = XCLocalSwiftPackageReference;
			relativePath = CharacterChallenge/Domain;
		};
		5D092E682C91DEE6008CFB8E /* XCLocalSwiftPackageReference "CharacterChallenge/Data" */ = {
			isa = XCLocalSwiftPackageReference;
			relativePath = CharacterChallenge/Data;
		};
/* End XCLocalSwiftPackageReference section */

/* Begin XCRemoteSwiftPackageReference section */
		5D092EC82C924D99008CFB8E /* XCRemoteSwiftPackageReference "netfox" */ = {
			isa = XCRemoteSwiftPackageReference;
			repositoryURL = "git@github.com:kasketis/netfox.git";
			requirement = {
				kind = upToNextMajorVersion;
				minimumVersion = 1.21.0;
			};
		};
/* End XCRemoteSwiftPackageReference section */

/* Begin XCSwiftPackageProductDependency section */
		5D092E582C91DE14008CFB8E /* Core */ = {
			isa = XCSwiftPackageProductDependency;
			productName = Core;
		};
		5D092E5A2C91DE14008CFB8E /* Logger */ = {
			isa = XCSwiftPackageProductDependency;
			productName = Logger;
		};
		5D092E5C2C91DE14008CFB8E /* Networking */ = {
			isa = XCSwiftPackageProductDependency;
			productName = Networking;
		};
		5D092E5F2C91DE63008CFB8E /* CharacterDesignSystem */ = {
			isa = XCSwiftPackageProductDependency;
			productName = CharacterDesignSystem;
		};
		5D092E612C91DE63008CFB8E /* DesignSystem */ = {
			isa = XCSwiftPackageProductDependency;
			productName = DesignSystem;
		};
		5D092E642C91DEB8008CFB8E /* CharacterDomain */ = {
			isa = XCSwiftPackageProductDependency;
			productName = CharacterDomain;
		};
		5D092E662C91DEB8008CFB8E /* CoreDomain */ = {
			isa = XCSwiftPackageProductDependency;
			productName = CoreDomain;
		};
		5D092E692C91DEE6008CFB8E /* CharacterData */ = {
			isa = XCSwiftPackageProductDependency;
			productName = CharacterData;
		};
		5D092E6B2C91DEE6008CFB8E /* ConfigData */ = {
			isa = XCSwiftPackageProductDependency;
			productName = ConfigData;
		};
		5D092EC92C924D99008CFB8E /* netfox */ = {
			isa = XCSwiftPackageProductDependency;
			package = 5D092EC82C924D99008CFB8E /* XCRemoteSwiftPackageReference "netfox" */;
			productName = netfox;
		};
/* End XCSwiftPackageProductDependency section */
	};
	rootObject = 5D092E1C2C91DC0D008CFB8E /* Project object */;
}
